
Microsoft Visual Studio Solution File, Format Version 12.00
# Visual Studio 15
VisualStudioVersion = 15.0.28010.2026
MinimumVisualStudioVersion = 10.0.40219.1
Project("{8BC9CEB8-8B4A-11D0-8D11-00A0C91BC942}") = "Tema2", "Tema2\Tema2.vcxproj", "{AFA13144-25D4-4F5C-B816-C7F3D36D983F}"
EndProject
Global
	GlobalSection(SolutionConfigurationPlatforms) = preSolution
		Debug|x64 = Debug|x64
		Debug|x86 = Debug|x86
		Release|x64 = Release|x64
		Release|x86 = Release|x86
	EndGlobalSection
	GlobalSection(ProjectConfigurationPlatforms) = postSolution
		{AFA13144-25D4-4F5C-B816-C7F3D36D983F}.Debug|x64.ActiveCfg = Debug|x64
		{AFA13144-25D4-4F5C-B816-C7F3D36D983F}.Debug|x64.Build.0 = Debug|x64
		{AFA13144-25D4-4F5C-B816-C7F3D36D983F}.Debug|x86.ActiveCfg = Debug|Win32
		{AFA13144-25D4-4F5C-B816-C7F3D36D983F}.Debug|x86.Build.0 = Debug|Win32
		{AFA13144-25D4-4F5C-B816-C7F3D36D983F}.Release|x64.ActiveCfg = Release|x64
		{AFA13144-25D4-4F5C-B816-C7F3D36D983F}.Release|x64.Build.0 = Release|x64
		{AFA13144-25D4-4F5C-B816-C7F3D36D983F}.Release|x86.ActiveCfg = Release|Win32
		{AFA13144-25D4-4F5C-B816-C7F3D36D983F}.Release|x86.Build.0 = Release|Win32
	EndGlobalSection
	GlobalSection(SolutionProperties) = preSolution
		HideSolutionNode = FALSE
	EndGlobalSection
	GlobalSection(ExtensibilityGlobals) = postSolution
		SolutionGuid = {F3CAA95D-D606-41BE-9916-620DF461159D}
	EndGlobalSection
EndGlobal
