
Microsoft Visual Studio Solution File, Format Version 12.00
# Visual Studio 15
VisualStudioVersion = 15.0.28010.2026
MinimumVisualStudioVersion = 10.0.40219.1
Project("{8BC9CEB8-8B4A-11D0-8D11-00A0C91BC942}") = "Tema1", "Tema1\Tema1.vcxproj", "{791B2034-89CC-4FF1-854F-C05D8AFE2DEC}"
EndProject
Global
	GlobalSection(SolutionConfigurationPlatforms) = preSolution
		Debug|x64 = Debug|x64
		Debug|x86 = Debug|x86
		Release|x64 = Release|x64
		Release|x86 = Release|x86
	EndGlobalSection
	GlobalSection(ProjectConfigurationPlatforms) = postSolution
		{791B2034-89CC-4FF1-854F-C05D8AFE2DEC}.Debug|x64.ActiveCfg = Debug|x64
		{791B2034-89CC-4FF1-854F-C05D8AFE2DEC}.Debug|x64.Build.0 = Debug|x64
		{791B2034-89CC-4FF1-854F-C05D8AFE2DEC}.Debug|x86.ActiveCfg = Debug|Win32
		{791B2034-89CC-4FF1-854F-C05D8AFE2DEC}.Debug|x86.Build.0 = Debug|Win32
		{791B2034-89CC-4FF1-854F-C05D8AFE2DEC}.Release|x64.ActiveCfg = Release|x64
		{791B2034-89CC-4FF1-854F-C05D8AFE2DEC}.Release|x64.Build.0 = Release|x64
		{791B2034-89CC-4FF1-854F-C05D8AFE2DEC}.Release|x86.ActiveCfg = Release|Win32
		{791B2034-89CC-4FF1-854F-C05D8AFE2DEC}.Release|x86.Build.0 = Release|Win32
	EndGlobalSection
	GlobalSection(SolutionProperties) = preSolution
		HideSolutionNode = FALSE
	EndGlobalSection
	GlobalSection(ExtensibilityGlobals) = postSolution
		SolutionGuid = {7E7DA1B6-7971-4823-8E04-B7AE709D0687}
	EndGlobalSection
EndGlobal
